
Microsoft Visual Studio Solution File, Format Version 12.00
Project("{FAE04EC0-301F-11D3-BF4B-00C04F79EFBC}") = "Day02", "Day02\Day02.csproj", "{0C5652F0-BC51-45E7-8C78-D5690271A87A}"
EndProject
Project("{FAE04EC0-301F-11D3-BF4B-00C04F79EFBC}") = "Utilities", "Utilities\Utilities.csproj", "{6F23FF69-CC20-42CA-A79D-684296644A4E}"
EndProject
Project("{FAE04EC0-301F-11D3-BF4B-00C04F79EFBC}") = "Day01", "Day01\Day01.csproj", "{0D4B485A-9817-4428-A8D1-E62C6D99D7C0}"
EndProject
Project("{FAE04EC0-301F-11D3-BF4B-00C04F79EFBC}") = "Day03", "Day03\Day03.csproj", "{F1FF5DB2-2359-44DC-9589-5C22A961A9EF}"
EndProject
Global
	GlobalSection(SolutionConfigurationPlatforms) = preSolution
		Debug|Any CPU = Debug|Any CPU
		Release|Any CPU = Release|Any CPU
	EndGlobalSection
	GlobalSection(ProjectConfigurationPlatforms) = postSolution
		{0C5652F0-BC51-45E7-8C78-D5690271A87A}.Debug|Any CPU.ActiveCfg = Debug|Any CPU
		{0C5652F0-BC51-45E7-8C78-D5690271A87A}.Debug|Any CPU.Build.0 = Debug|Any CPU
		{0C5652F0-BC51-45E7-8C78-D5690271A87A}.Release|Any CPU.ActiveCfg = Release|Any CPU
		{0C5652F0-BC51-45E7-8C78-D5690271A87A}.Release|Any CPU.Build.0 = Release|Any CPU
		{6F23FF69-CC20-42CA-A79D-684296644A4E}.Debug|Any CPU.ActiveCfg = Debug|Any CPU
		{6F23FF69-CC20-42CA-A79D-684296644A4E}.Debug|Any CPU.Build.0 = Debug|Any CPU
		{6F23FF69-CC20-42CA-A79D-684296644A4E}.Release|Any CPU.ActiveCfg = Release|Any CPU
		{6F23FF69-CC20-42CA-A79D-684296644A4E}.Release|Any CPU.Build.0 = Release|Any CPU
		{0D4B485A-9817-4428-A8D1-E62C6D99D7C0}.Debug|Any CPU.ActiveCfg = Debug|Any CPU
		{0D4B485A-9817-4428-A8D1-E62C6D99D7C0}.Debug|Any CPU.Build.0 = Debug|Any CPU
		{0D4B485A-9817-4428-A8D1-E62C6D99D7C0}.Release|Any CPU.ActiveCfg = Release|Any CPU
		{0D4B485A-9817-4428-A8D1-E62C6D99D7C0}.Release|Any CPU.Build.0 = Release|Any CPU
		{F1FF5DB2-2359-44DC-9589-5C22A961A9EF}.Debug|Any CPU.ActiveCfg = Debug|Any CPU
		{F1FF5DB2-2359-44DC-9589-5C22A961A9EF}.Debug|Any CPU.Build.0 = Debug|Any CPU
		{F1FF5DB2-2359-44DC-9589-5C22A961A9EF}.Release|Any CPU.ActiveCfg = Release|Any CPU
		{F1FF5DB2-2359-44DC-9589-5C22A961A9EF}.Release|Any CPU.Build.0 = Release|Any CPU
	EndGlobalSection
EndGlobal
